{
  "name": "ngx-firebase-cms",
  "version": "0.1.1",
  "lockfileVersion": 1,
  "requires": true,
  "dependencies": {
    "@angular/cdk": {
      "version": "7.3.4",
      "resolved": "https://registry.npmjs.org/@angular/cdk/-/cdk-7.3.4.tgz",
      "integrity": "sha512-cHl1o7obogCO3Nxf9n8MrXpfHa7AH1QNX2BY+bftYBTHW++YJe+qAwkwWLVqnJD9TQE2OpiR058zoJU20khM/g==",
      "requires": {
        "parse5": "5.1.0",
        "tslib": "1.9.3"
      }
    },
    "@ant-design/icons-angular": {
      "version": "2.0.2",
      "resolved": "https://registry.npmjs.org/@ant-design/icons-angular/-/icons-angular-2.0.2.tgz",
      "integrity": "sha512-Pk/9BY5/KmasrK1ViYwbZG0piL27IdKqWjAyTltqJbKrqqJi9DMXYKnXhmqGXQeZ2YCPi9eXGYkwaWEjwJRgzA==",
      "requires": {
        "ant-design-palettes": "1.1.3"
      }
    },
    "ant-design-palettes": {
      "version": "1.1.3",
      "resolved": "https://registry.npmjs.org/ant-design-palettes/-/ant-design-palettes-1.1.3.tgz",
      "integrity": "sha512-UpkkTp8egEN21KZNvY7sTcabLlkHvLvS71EVPk4CYi77Z9AaGGCaVn7i72tbOgWDrQp2wjIg8WgMbKBdK7GtWA==",
      "requires": {
        "tinycolor2": "1.4.1"
      }
    },
    "date-fns": {
      "version": "1.30.1",
      "resolved": "https://registry.npmjs.org/date-fns/-/date-fns-1.30.1.tgz",
      "integrity": "sha512-hBSVCvSmWC+QypYObzwGOd9wqdDpOt+0wl0KbU+R+uuZBS1jN8VsD1ss3irQDknRj5NvxiTF6oj/nDRnN/UQNw=="
    },
    "ng-zorro-antd": {
      "version": "7.0.3",
      "resolved": "https://registry.npmjs.org/ng-zorro-antd/-/ng-zorro-antd-7.0.3.tgz",
      "integrity": "sha512-dN242YnfWJ74yDLo9WQ5o+W08f4pONvGxDtnf8mkyC3Rvd+coTIzB7GYJAkyZclVvx2B6B08XHoiYDvmLPhIaw==",
      "requires": {
        "@angular/cdk": "7.3.4",
        "@ant-design/icons-angular": "2.0.2",
        "date-fns": "1.30.1",
        "tslib": "1.9.3"
      }
    },
    "parse5": {
      "version": "5.1.0",
      "resolved": "https://registry.npmjs.org/parse5/-/parse5-5.1.0.tgz",
      "integrity": "sha512-fxNG2sQjHvlVAYmzBZS9YlDp6PTSSDwa98vkD4QgVDDCAo84z5X1t5XyJQ62ImdLXx5NdIIfihey6xpum9/gRQ==",
      "optional": true
    },
    "tinycolor2": {
      "version": "1.4.1",
      "resolved": "https://registry.npmjs.org/tinycolor2/-/tinycolor2-1.4.1.tgz",
      "integrity": "sha1-9PrTM0R7wLB9TcjpIJ2POaisd+g="
    },
    "tslib": {
      "version": "1.9.3",
      "resolved": "https://registry.npmjs.org/tslib/-/tslib-1.9.3.tgz",
      "integrity": "sha512-4krF8scpejhaOgqzBEcGM7yDIEfi0/8+8zDRZhNZZ2kjmHJ4hv3zCbQWxoJGz1iw5U0Jl0nma13xzHXcncMavQ=="
    }
  }
}
