{
  "name": "ngx-firebase-cms",
  "version": "0.1.0",
  "lockfileVersion": 1,
  "requires": true,
  "dependencies": {
    "@angular/cdk": {
      "version": "7.3.1",
      "resolved": "https://registry.npmjs.org/@angular/cdk/-/cdk-7.3.1.tgz",
      "integrity": "sha512-m6hy+HPLDgVM+Y2C3UWvIG06euIV8oG5QxrCitZui8JZ/dj/0V5bxATKgWN62haYnYR4en4z1bfH0kOvQj+LEA==",
      "requires": {
        "parse5": "5.1.0",
        "tslib": "1.9.0"
      }
    },
    "@ant-design/icons-angular": {
      "version": "2.0.0-beta.1",
      "resolved": "https://registry.npmjs.org/@ant-design/icons-angular/-/icons-angular-2.0.0-beta.1.tgz",
      "integrity": "sha512-yGvpuxmrOPbtxk/uB7QQgVGu4qwjQiAJG4Ad6ImbUn10iNoZYteZACjd+elgUuog1Lm4Sr61YqY+5vDSmAayvQ==",
      "requires": {
        "ant-design-palettes": "1.1.3",
        "tslib": "1.9.0"
      }
    },
    "ant-design-palettes": {
      "version": "1.1.3",
      "resolved": "https://registry.npmjs.org/ant-design-palettes/-/ant-design-palettes-1.1.3.tgz",
      "integrity": "sha512-UpkkTp8egEN21KZNvY7sTcabLlkHvLvS71EVPk4CYi77Z9AaGGCaVn7i72tbOgWDrQp2wjIg8WgMbKBdK7GtWA==",
      "requires": {
        "tinycolor2": "1.4.1"
      }
    },
    "date-fns": {
      "version": "1.30.1",
      "resolved": "https://registry.npmjs.org/date-fns/-/date-fns-1.30.1.tgz",
      "integrity": "sha512-hBSVCvSmWC+QypYObzwGOd9wqdDpOt+0wl0KbU+R+uuZBS1jN8VsD1ss3irQDknRj5NvxiTF6oj/nDRnN/UQNw=="
    },
    "ng-zorro-antd": {
      "version": "7.0.0-rc.3",
      "resolved": "https://registry.npmjs.org/ng-zorro-antd/-/ng-zorro-antd-7.0.0-rc.3.tgz",
      "integrity": "sha512-M4o6l7DpBA1Fq6XQam3+/5b+p4ffuQc8bc3n1zIsTzIxXVsoWfFmDXp8PeoIp46S5qCId6gRlrDuZyH5hx8qHw==",
      "requires": {
        "@angular/cdk": "7.3.1",
        "@ant-design/icons-angular": "2.0.0-beta.1",
        "date-fns": "1.30.1",
        "tslib": "1.9.0"
      }
    },
    "parse5": {
      "version": "5.1.0",
      "resolved": "https://registry.npmjs.org/parse5/-/parse5-5.1.0.tgz",
      "integrity": "sha512-fxNG2sQjHvlVAYmzBZS9YlDp6PTSSDwa98vkD4QgVDDCAo84z5X1t5XyJQ62ImdLXx5NdIIfihey6xpum9/gRQ==",
      "optional": true
    },
    "tinycolor2": {
      "version": "1.4.1",
      "resolved": "https://registry.npmjs.org/tinycolor2/-/tinycolor2-1.4.1.tgz",
      "integrity": "sha1-9PrTM0R7wLB9TcjpIJ2POaisd+g="
    },
    "tslib": {
      "version": "1.9.0",
      "resolved": "https://registry.npmjs.org/tslib/-/tslib-1.9.0.tgz",
      "integrity": "sha512-f/qGG2tUkrISBlQZEjEqoZ3B2+npJjIf04H1wuAv9iA8i04Icp+61KRXxFdha22670NJopsZCIjhC3SnjPRKrQ=="
    }
  }
}
